# THIS IS AN AUTOGENERATED FILE. DO NOT EDIT THIS FILE DIRECTLY.
# yarn lockfile v1


"@pxblue/prettier-config@^1.0.3":
  version "1.0.3"
  resolved "https://registry.yarnpkg.com/@pxblue/prettier-config/-/prettier-config-1.0.3.tgz#285b9ba346f714d397ef4a59579443b95a77e63e"
  integrity sha512-x9SDup4pf5H54r/stZBXz7/XlMcIqnwHkEJ+9pyXVtGyQljI28lDGQCWQj6heipWAett50yx0RB3P2+MWZDhJA==

prettier@^2.2.1:
  version "2.3.2"
  resolved "https://registry.yarnpkg.com/prettier/-/prettier-2.3.2.tgz#ef280a05ec253712e486233db5c6f23441e7342d"
  integrity sha512-lnJzDfJ66zkMy58OL5/NY5zp70S7Nz6KqcKkXYzn2tMVrNxvbqaBpg7H3qHaLxCJ5lNMsGuM8+ohS7cZrthdLQ==
