# THIS IS AN AUTOGENERATED FILE. DO NOT EDIT THIS FILE DIRECTLY.
# yarn lockfile v1


"@pxblue/prettier-config@^1.0.3":
  version "1.0.3"
  resolved "https://registry.yarnpkg.com/@pxblue/prettier-config/-/prettier-config-1.0.3.tgz#285b9ba346f714d397ef4a59579443b95a77e63e"
  integrity sha512-x9SDup4pf5H54r/stZBXz7/XlMcIqnwHkEJ+9pyXVtGyQljI28lDGQCWQj6heipWAett50yx0RB3P2+MWZDhJA==

prettier@^2.2.1:
  version "2.2.1"
  resolved "https://registry.yarnpkg.com/prettier/-/prettier-2.2.1.tgz#795a1a78dd52f073da0cd42b21f9c91381923ff5"
  integrity sha512-PqyhM2yCjg/oKkFPtTGUojv7gnZAoG80ttl45O6x2Ug/rMJw4wcc9k6aaf2hibP7BGVCCM33gZoGjyvt9mm16Q==
